
Microsoft Visual Studio Solution File, Format Version 12.00
# Visual Studio 15
VisualStudioVersion = 15.0.26124.0
MinimumVisualStudioVersion = 15.0.26124.0
Project("{FAE04EC0-301F-11D3-BF4B-00C04F79EFBC}") = "bitsmonkey.api", "bitsmonkey.api\bitsmonkey.api.csproj", "{5D4C1FA0-AADF-4EF6-8FC2-11532074C335}"
EndProject
Project("{FAE04EC0-301F-11D3-BF4B-00C04F79EFBC}") = "bitsmonkey.common", "bitsmonkey.common\bitsmonkey.common.csproj", "{86910EE6-DADD-4A22-9652-3BB870C94C1C}"
EndProject
Project("{FAE04EC0-301F-11D3-BF4B-00C04F79EFBC}") = "bitsmonkey.telegram", "bitsmonkey.telegram\bitsmonkey.telegram.csproj", "{4313418F-D108-4FC2-AB81-66C1EE75ECA9}"
EndProject
Project("{FAE04EC0-301F-11D3-BF4B-00C04F79EFBC}") = "bitsmonkey.whatsapp", "bitsmonkey.whatsapp\bitsmonkey.whatsapp.csproj", "{02845E30-197B-40D6-A927-4375854CB185}"
EndProject
Project("{FAE04EC0-301F-11D3-BF4B-00C04F79EFBC}") = "bitsmonkey.slack", "bitsmonkey.slack\bitsmonkey.slack.csproj", "{0AAF9429-E657-4EB8-882A-87D8F982559C}"
EndProject
Global
	GlobalSection(SolutionConfigurationPlatforms) = preSolution
		Debug|Any CPU = Debug|Any CPU
		Debug|x64 = Debug|x64
		Debug|x86 = Debug|x86
		Release|Any CPU = Release|Any CPU
		Release|x64 = Release|x64
		Release|x86 = Release|x86
	EndGlobalSection
	GlobalSection(SolutionProperties) = preSolution
		HideSolutionNode = FALSE
	EndGlobalSection
	GlobalSection(ProjectConfigurationPlatforms) = postSolution
		{5D4C1FA0-AADF-4EF6-8FC2-11532074C335}.Debug|Any CPU.ActiveCfg = Debug|Any CPU
		{5D4C1FA0-AADF-4EF6-8FC2-11532074C335}.Debug|Any CPU.Build.0 = Debug|Any CPU
		{5D4C1FA0-AADF-4EF6-8FC2-11532074C335}.Debug|x64.ActiveCfg = Debug|Any CPU
		{5D4C1FA0-AADF-4EF6-8FC2-11532074C335}.Debug|x64.Build.0 = Debug|Any CPU
		{5D4C1FA0-AADF-4EF6-8FC2-11532074C335}.Debug|x86.ActiveCfg = Debug|Any CPU
		{5D4C1FA0-AADF-4EF6-8FC2-11532074C335}.Debug|x86.Build.0 = Debug|Any CPU
		{5D4C1FA0-AADF-4EF6-8FC2-11532074C335}.Release|Any CPU.ActiveCfg = Release|Any CPU
		{5D4C1FA0-AADF-4EF6-8FC2-11532074C335}.Release|Any CPU.Build.0 = Release|Any CPU
		{5D4C1FA0-AADF-4EF6-8FC2-11532074C335}.Release|x64.ActiveCfg = Release|Any CPU
		{5D4C1FA0-AADF-4EF6-8FC2-11532074C335}.Release|x64.Build.0 = Release|Any CPU
		{5D4C1FA0-AADF-4EF6-8FC2-11532074C335}.Release|x86.ActiveCfg = Release|Any CPU
		{5D4C1FA0-AADF-4EF6-8FC2-11532074C335}.Release|x86.Build.0 = Release|Any CPU
		{86910EE6-DADD-4A22-9652-3BB870C94C1C}.Debug|Any CPU.ActiveCfg = Debug|Any CPU
		{86910EE6-DADD-4A22-9652-3BB870C94C1C}.Debug|Any CPU.Build.0 = Debug|Any CPU
		{86910EE6-DADD-4A22-9652-3BB870C94C1C}.Debug|x64.ActiveCfg = Debug|Any CPU
		{86910EE6-DADD-4A22-9652-3BB870C94C1C}.Debug|x64.Build.0 = Debug|Any CPU
		{86910EE6-DADD-4A22-9652-3BB870C94C1C}.Debug|x86.ActiveCfg = Debug|Any CPU
		{86910EE6-DADD-4A22-9652-3BB870C94C1C}.Debug|x86.Build.0 = Debug|Any CPU
		{86910EE6-DADD-4A22-9652-3BB870C94C1C}.Release|Any CPU.ActiveCfg = Release|Any CPU
		{86910EE6-DADD-4A22-9652-3BB870C94C1C}.Release|Any CPU.Build.0 = Release|Any CPU
		{86910EE6-DADD-4A22-9652-3BB870C94C1C}.Release|x64.ActiveCfg = Release|Any CPU
		{86910EE6-DADD-4A22-9652-3BB870C94C1C}.Release|x64.Build.0 = Release|Any CPU
		{86910EE6-DADD-4A22-9652-3BB870C94C1C}.Release|x86.ActiveCfg = Release|Any CPU
		{86910EE6-DADD-4A22-9652-3BB870C94C1C}.Release|x86.Build.0 = Release|Any CPU
		{4313418F-D108-4FC2-AB81-66C1EE75ECA9}.Debug|Any CPU.ActiveCfg = Debug|Any CPU
		{4313418F-D108-4FC2-AB81-66C1EE75ECA9}.Debug|Any CPU.Build.0 = Debug|Any CPU
		{4313418F-D108-4FC2-AB81-66C1EE75ECA9}.Debug|x64.ActiveCfg = Debug|Any CPU
		{4313418F-D108-4FC2-AB81-66C1EE75ECA9}.Debug|x64.Build.0 = Debug|Any CPU
		{4313418F-D108-4FC2-AB81-66C1EE75ECA9}.Debug|x86.ActiveCfg = Debug|Any CPU
		{4313418F-D108-4FC2-AB81-66C1EE75ECA9}.Debug|x86.Build.0 = Debug|Any CPU
		{4313418F-D108-4FC2-AB81-66C1EE75ECA9}.Release|Any CPU.ActiveCfg = Release|Any CPU
		{4313418F-D108-4FC2-AB81-66C1EE75ECA9}.Release|Any CPU.Build.0 = Release|Any CPU
		{4313418F-D108-4FC2-AB81-66C1EE75ECA9}.Release|x64.ActiveCfg = Release|Any CPU
		{4313418F-D108-4FC2-AB81-66C1EE75ECA9}.Release|x64.Build.0 = Release|Any CPU
		{4313418F-D108-4FC2-AB81-66C1EE75ECA9}.Release|x86.ActiveCfg = Release|Any CPU
		{4313418F-D108-4FC2-AB81-66C1EE75ECA9}.Release|x86.Build.0 = Release|Any CPU
		{02845E30-197B-40D6-A927-4375854CB185}.Debug|Any CPU.ActiveCfg = Debug|Any CPU
		{02845E30-197B-40D6-A927-4375854CB185}.Debug|Any CPU.Build.0 = Debug|Any CPU
		{02845E30-197B-40D6-A927-4375854CB185}.Debug|x64.ActiveCfg = Debug|Any CPU
		{02845E30-197B-40D6-A927-4375854CB185}.Debug|x64.Build.0 = Debug|Any CPU
		{02845E30-197B-40D6-A927-4375854CB185}.Debug|x86.ActiveCfg = Debug|Any CPU
		{02845E30-197B-40D6-A927-4375854CB185}.Debug|x86.Build.0 = Debug|Any CPU
		{02845E30-197B-40D6-A927-4375854CB185}.Release|Any CPU.ActiveCfg = Release|Any CPU
		{02845E30-197B-40D6-A927-4375854CB185}.Release|Any CPU.Build.0 = Release|Any CPU
		{02845E30-197B-40D6-A927-4375854CB185}.Release|x64.ActiveCfg = Release|Any CPU
		{02845E30-197B-40D6-A927-4375854CB185}.Release|x64.Build.0 = Release|Any CPU
		{02845E30-197B-40D6-A927-4375854CB185}.Release|x86.ActiveCfg = Release|Any CPU
		{02845E30-197B-40D6-A927-4375854CB185}.Release|x86.Build.0 = Release|Any CPU
		{0AAF9429-E657-4EB8-882A-87D8F982559C}.Debug|Any CPU.ActiveCfg = Debug|Any CPU
		{0AAF9429-E657-4EB8-882A-87D8F982559C}.Debug|Any CPU.Build.0 = Debug|Any CPU
		{0AAF9429-E657-4EB8-882A-87D8F982559C}.Debug|x64.ActiveCfg = Debug|Any CPU
		{0AAF9429-E657-4EB8-882A-87D8F982559C}.Debug|x64.Build.0 = Debug|Any CPU
		{0AAF9429-E657-4EB8-882A-87D8F982559C}.Debug|x86.ActiveCfg = Debug|Any CPU
		{0AAF9429-E657-4EB8-882A-87D8F982559C}.Debug|x86.Build.0 = Debug|Any CPU
		{0AAF9429-E657-4EB8-882A-87D8F982559C}.Release|Any CPU.ActiveCfg = Release|Any CPU
		{0AAF9429-E657-4EB8-882A-87D8F982559C}.Release|Any CPU.Build.0 = Release|Any CPU
		{0AAF9429-E657-4EB8-882A-87D8F982559C}.Release|x64.ActiveCfg = Release|Any CPU
		{0AAF9429-E657-4EB8-882A-87D8F982559C}.Release|x64.Build.0 = Release|Any CPU
		{0AAF9429-E657-4EB8-882A-87D8F982559C}.Release|x86.ActiveCfg = Release|Any CPU
		{0AAF9429-E657-4EB8-882A-87D8F982559C}.Release|x86.Build.0 = Release|Any CPU
		{7F1F8105-2D91-483C-A996-8F0F201EEB60}.Debug|Any CPU.ActiveCfg = Debug|Any CPU
		{7F1F8105-2D91-483C-A996-8F0F201EEB60}.Debug|Any CPU.Build.0 = Debug|Any CPU
		{7F1F8105-2D91-483C-A996-8F0F201EEB60}.Debug|x64.ActiveCfg = Debug|Any CPU
		{7F1F8105-2D91-483C-A996-8F0F201EEB60}.Debug|x64.Build.0 = Debug|Any CPU
		{7F1F8105-2D91-483C-A996-8F0F201EEB60}.Debug|x86.ActiveCfg = Debug|Any CPU
		{7F1F8105-2D91-483C-A996-8F0F201EEB60}.Debug|x86.Build.0 = Debug|Any CPU
		{7F1F8105-2D91-483C-A996-8F0F201EEB60}.Release|Any CPU.ActiveCfg = Release|Any CPU
		{7F1F8105-2D91-483C-A996-8F0F201EEB60}.Release|Any CPU.Build.0 = Release|Any CPU
		{7F1F8105-2D91-483C-A996-8F0F201EEB60}.Release|x64.ActiveCfg = Release|Any CPU
		{7F1F8105-2D91-483C-A996-8F0F201EEB60}.Release|x64.Build.0 = Release|Any CPU
		{7F1F8105-2D91-483C-A996-8F0F201EEB60}.Release|x86.ActiveCfg = Release|Any CPU
		{7F1F8105-2D91-483C-A996-8F0F201EEB60}.Release|x86.Build.0 = Release|Any CPU
	EndGlobalSection
EndGlobal
